// !$*UTF8*$!
{
	archiveVersion = 1;
	classes = {
	};
	objectVersion = 46;
	objects = {

/* Begin PBXBuildFile section */
		B75105941B9203A200899DC1 /* AppDelegate.swift in Sources */ = {isa = PBXBuildFile; fileRef = B75105931B9203A200899DC1 /* AppDelegate.swift */; };
		B75105961B9203A200899DC1 /* ViewController.swift in Sources */ = {isa = PBXBuildFile; fileRef = B75105951B9203A200899DC1 /* ViewController.swift */; };
		B75105991B9203A200899DC1 /* Main.storyboard in Resources */ = {isa = PBXBuildFile; fileRef = B75105971B9203A200899DC1 /* Main.storyboard */; };
		B751059B1B9203A200899DC1 /* Images.xcassets in Resources */ = {isa = PBXBuildFile; fileRef = B751059A1B9203A200899DC1 /* Images.xcassets */; };
		B751059E1B9203A200899DC1 /* LaunchScreen.xib in Resources */ = {isa = PBXBuildFile; fileRef = B751059C1B9203A200899DC1 /* LaunchScreen.xib */; };
		B75105AA1B9203A200899DC1 /* OnTheMapTests.swift in Sources */ = {isa = PBXBuildFile; fileRef = B75105A91B9203A200899DC1 /* OnTheMapTests.swift */; };
/* End PBXBuildFile section */

/* Begin PBXContainerItemProxy section */
		B75105A41B9203A200899DC1 /* PBXContainerItemProxy */ = {
			isa = PBXContainerItemProxy;
			containerPortal = B75105861B9203A200899DC1 /* Project object */;
			proxyType = 1;
			remoteGlobalIDString = B751058D1B9203A200899DC1;
			remoteInfo = OnTheMap;
		};
/* End PBXContainerItemProxy section */

/* Begin PBXFileReference section */
		B751058E1B9203A200899DC1 /* OnTheMap.app */ = {isa = PBXFileReference; explicitFileType = wrapper.application; includeInIndex = 0; path = OnTheMap.app; sourceTree = BUILT_PRODUCTS_DIR; };
		B75105921B9203A200899DC1 /* Info.plist */ = {isa = PBXFileReference; lastKnownFileType = text.plist.xml; path = Info.plist; sourceTree = "<group>"; };
		B75105931B9203A200899DC1 /* AppDelegate.swift */ = {isa = PBXFileReference; lastKnownFileType = sourcecode.swift; path = AppDelegate.swift; sourceTree = "<group>"; };
		B75105951B9203A200899DC1 /* ViewController.swift */ = {isa = PBXFileReference; lastKnownFileType = sourcecode.swift; path = ViewController.swift; sourceTree = "<group>"; };
		B75105981B9203A200899DC1 /* Base */ = {isa = PBXFileReference; lastKnownFileType = file.storyboard; name = Base; path = Base.lproj/Main.storyboard; sourceTree = "<group>"; };
		B751059A1B9203A200899DC1 /* Images.xcassets */ = {isa = PBXFileReference; lastKnownFileType = folder.assetcatalog; path = Images.xcassets; sourceTree = "<group>"; };
		B751059D1B9203A200899DC1 /* Base */ = {isa = PBXFileReference; lastKnownFileType = file.xib; name = Base; path = Base.lproj/LaunchScreen.xib; sourceTree = "<group>"; };
		B75105A31B9203A200899DC1 /* OnTheMapTests.xctest */ = {isa = PBXFileReference; explicitFileType = wrapper.cfbundle; includeInIndex = 0; path = OnTheMapTests.xctest; sourceTree = BUILT_PRODUCTS_DIR; };
		B75105A81B9203A200899DC1 /* Info.plist */ = {isa = PBXFileReference; lastKnownFileType = text.plist.xml; path = Info.plist; sourceTree = "<group>"; };
		B75105A91B9203A200899DC1 /* OnTheMapTests.swift */ = {isa = PBXFileReference; lastKnownFileType = sourcecode.swift; path = OnTheMapTests.swift; sourceTree = "<group>"; };
/* End PBXFileReference section */

/* Begin PBXFrameworksBuildPhase section */
		B751058B1B9203A200899DC1 /* Frameworks */ = {
			isa = PBXFrameworksBuildPhase;
			buildActionMask = 2147483647;
			files = (
			);
			runOnlyForDeploymentPostprocessing = 0;
		};
		B75105A01B9203A200899DC1 /* Frameworks */ = {
			isa = PBXFrameworksBuildPhase;
			buildActionMask = 2147483647;
			files = (
			);
			runOnlyForDeploymentPostprocessing = 0;
		};
/* End PBXFrameworksBuildPhase section */

/* Begin PBXGroup section */
		B75105851B9203A200899DC1 = {
			isa = PBXGroup;
			children = (
				B75105901B9203A200899DC1 /* OnTheMap */,
				B75105A61B9203A200899DC1 /* OnTheMapTests */,
				B751058F1B9203A200899DC1 /* Products */,
			);
			sourceTree = "<group>";
		};
		B751058F1B9203A200899DC1 /* Products */ = {
			isa = PBXGroup;
			children = (
				B751058E1B9203A200899DC1 /* OnTheMap.app */,
				B75105A31B9203A200899DC1 /* OnTheMapTests.xctest */,
			);
			name = Products;
			sourceTree = "<group>";
		};
		B75105901B9203A200899DC1 /* OnTheMap */ = {
			isa = PBXGroup;
			children = (
				B75105931B9203A200899DC1 /* AppDelegate.swift */,
				B75105951B9203A200899DC1 /* ViewController.swift */,
				B75105971B9203A200899DC1 /* Main.storyboard */,
				B751059A1B9203A200899DC1 /* Images.xcassets */,
				B751059C1B9203A200899DC1 /* LaunchScreen.xib */,
				B75105911B9203A200899DC1 /* Supporting Files */,
			);
			path = OnTheMap;
			sourceTree = "<group>";
		};
		B75105911B9203A200899DC1 /* Supporting Files */ = {
			isa = PBXGroup;
			children = (
				B75105921B9203A200899DC1 /* Info.plist */,
			);
			name = "Supporting Files";
			sourceTree = "<group>";
		};
		B75105A61B9203A200899DC1 /* OnTheMapTests */ = {
			isa = PBXGroup;
			children = (
				B75105A91B9203A200899DC1 /* OnTheMapTests.swift */,
				B75105A71B9203A200899DC1 /* Supporting Files */,
			);
			path = OnTheMapTests;
			sourceTree = "<group>";
		};
		B75105A71B9203A200899DC1 /* Supporting Files */ = {
			isa = PBXGroup;
			children = (
				B75105A81B9203A200899DC1 /* Info.plist */,
			);
			name = "Supporting Files";
			sourceTree = "<group>";
		};
/* End PBXGroup section */

/* Begin PBXNativeTarget section */
		B751058D1B9203A200899DC1 /* OnTheMap */ = {
			isa = PBXNativeTarget;
			buildConfigurationList = B75105AD1B9203A200899DC1 /* Build configuration list for PBXNativeTarget "OnTheMap" */;
			buildPhases = (
				B751058A1B9203A200899DC1 /* Sources */,
				B751058B1B9203A200899DC1 /* Frameworks */,
				B751058C1B9203A200899DC1 /* Resources */,
			);
			buildRules = (
			);
			dependencies = (
			);
			name = OnTheMap;
			productName = OnTheMap;
			productReference = B751058E1B9203A200899DC1 /* OnTheMap.app */;
			productType = "com.apple.product-type.application";
		};
		B75105A21B9203A200899DC1 /* OnTheMapTests */ = {
			isa = PBXNativeTarget;
			buildConfigurationList = B75105B01B9203A200899DC1 /* Build configuration list for PBXNativeTarget "OnTheMapTests" */;
			buildPhases = (
				B751059F1B9203A200899DC1 /* Sources */,
				B75105A01B9203A200899DC1 /* Frameworks */,
				B75105A11B9203A200899DC1 /* Resources */,
			);
			buildRules = (
			);
			dependencies = (
				B75105A51B9203A200899DC1 /* PBXTargetDependency */,
			);
			name = OnTheMapTests;
			productName = OnTheMapTests;
			productReference = B75105A31B9203A200899DC1 /* OnTheMapTests.xctest */;
			productType = "com.apple.product-type.bundle.unit-test";
		};
/* End PBXNativeTarget section */

/* Begin PBXProject section */
		B75105861B9203A200899DC1 /* Project object */ = {
			isa = PBXProject;
			attributes = {
				LastUpgradeCheck = 0640;
				ORGANIZATIONNAME = "James Tench";
				TargetAttributes = {
					B751058D1B9203A200899DC1 = {
						CreatedOnToolsVersion = 6.4;
					};
					B75105A21B9203A200899DC1 = {
						CreatedOnToolsVersion = 6.4;
						TestTargetID = B751058D1B9203A200899DC1;
					};
				};
			};
			buildConfigurationList = B75105891B9203A200899DC1 /* Build configuration list for PBXProject "OnTheMap" */;
			compatibilityVersion = "Xcode 3.2";
			developmentRegion = English;
			hasScannedForEncodings = 0;
			knownRegions = (
				en,
				Base,
			);
			mainGroup = B75105851B9203A200899DC1;
			productRefGroup = B751058F1B9203A200899DC1 /* Products */;
			projectDirPath = "";
			projectRoot = "";
			targets = (
				B751058D1B9203A200899DC1 /* OnTheMap */,
				B75105A21B9203A200899DC1 /* OnTheMapTests */,
			);
		};
/* End PBXProject section */

/* Begin PBXResourcesBuildPhase section */
		B751058C1B9203A200899DC1 /* Resources */ = {
			isa = PBXResourcesBuildPhase;
			buildActionMask = 2147483647;
			files = (
				B75105991B9203A200899DC1 /* Main.storyboard in Resources */,
				B751059E1B9203A200899DC1 /* LaunchScreen.xib in Resources */,
				B751059B1B9203A200899DC1 /* Images.xcassets in Resources */,
			);
			runOnlyForDeploymentPostprocessing = 0;
		};
		B75105A11B9203A200899DC1 /* Resources */ = {
			isa = PBXResourcesBuildPhase;
			buildActionMask = 2147483647;
			files = (
			);
			runOnlyForDeploymentPostprocessing = 0;
		};
/* End PBXResourcesBuildPhase section */

/* Begin PBXSourcesBuildPhase section */
		B751058A1B9203A200899DC1 /* Sources */ = {
			isa = PBXSourcesBuildPhase;
			buildActionMask = 2147483647;
			files = (
				B75105961B9203A200899DC1 /* ViewController.swift in Sources */,
				B75105941B9203A200899DC1 /* AppDelegate.swift in Sources */,
			);
			runOnlyForDeploymentPostprocessing = 0;
		};
		B751059F1B9203A200899DC1 /* Sources */ = {
			isa = PBXSourcesBuildPhase;
			buildActionMask = 2147483647;
			files = (
				B75105AA1B9203A200899DC1 /* OnTheMapTests.swift in Sources */,
			);
			runOnlyForDeploymentPostprocessing = 0;
		};
/* End PBXSourcesBuildPhase section */

/* Begin PBXTargetDependency section */
		B75105A51B9203A200899DC1 /* PBXTargetDependency */ = {
			isa = PBXTargetDependency;
			target = B751058D1B9203A200899DC1 /* OnTheMap */;
			targetProxy = B75105A41B9203A200899DC1 /* PBXContainerItemProxy */;
		};
/* End PBXTargetDependency section */

/* Begin PBXVariantGroup section */
		B75105971B9203A200899DC1 /* Main.storyboard */ = {
			isa = PBXVariantGroup;
			children = (
				B75105981B9203A200899DC1 /* Base */,
			);
			name = Main.storyboard;
			sourceTree = "<group>";
		};
		B751059C1B9203A200899DC1 /* LaunchScreen.xib */ = {
			isa = PBXVariantGroup;
			children = (
				B751059D1B9203A200899DC1 /* Base */,
			);
			name = LaunchScreen.xib;
			sourceTree = "<group>";
		};
/* End PBXVariantGroup section */

/* Begin XCBuildConfiguration section */
		B75105AB1B9203A200899DC1 /* Debug */ = {
			isa = XCBuildConfiguration;
			buildSettings = {
				ALWAYS_SEARCH_USER_PATHS = NO;
				CLANG_CXX_LANGUAGE_STANDARD = "gnu++0x";
				CLANG_CXX_LIBRARY = "libc++";
				CLANG_ENABLE_MODULES = YES;
				CLANG_ENABLE_OBJC_ARC = YES;
				CLANG_WARN_BOOL_CONVERSION = YES;
				CLANG_WARN_CONSTANT_CONVERSION = YES;
				CLANG_WARN_DIRECT_OBJC_ISA_USAGE = YES_ERROR;
				CLANG_WARN_EMPTY_BODY = YES;
				CLANG_WARN_ENUM_CONVERSION = YES;
				CLANG_WARN_INT_CONVERSION = YES;
				CLANG_WARN_OBJC_ROOT_CLASS = YES_ERROR;
				CLANG_WARN_UNREACHABLE_CODE = YES;
				CLANG_WARN__DUPLICATE_METHOD_MATCH = YES;
				"CODE_SIGN_IDENTITY[sdk=iphoneos*]" = "iPhone Developer";
				COPY_PHASE_STRIP = NO;
				DEBUG_INFORMATION_FORMAT = "dwarf-with-dsym";
				ENABLE_STRICT_OBJC_MSGSEND = YES;
				GCC_C_LANGUAGE_STANDARD = gnu99;
				GCC_DYNAMIC_NO_PIC = NO;
				GCC_NO_COMMON_BLOCKS = YES;
				GCC_OPTIMIZATION_LEVEL = 0;
				GCC_PREPROCESSOR_DEFINITIONS = (
					"DEBUG=1",
					"$(inherited)",
				);
				GCC_SYMBOLS_PRIVATE_EXTERN = NO;
				GCC_WARN_64_TO_32_BIT_CONVERSION = YES;
				GCC_WARN_ABOUT_RETURN_TYPE = YES_ERROR;
				GCC_WARN_UNDECLARED_SELECTOR = YES;
				GCC_WARN_UNINITIALIZED_AUTOS = YES_AGGRESSIVE;
				GCC_WARN_UNUSED_FUNCTION = YES;
				GCC_WARN_UNUSED_VARIABLE = YES;
				IPHONEOS_DEPLOYMENT_TARGET = 8.4;
				MTL_ENABLE_DEBUG_INFO = YES;
				ONLY_ACTIVE_ARCH = YES;
				SDKROOT = iphoneos;
				SWIFT_OPTIMIZATION_LEVEL = "-Onone";
			};
			name = Debug;
		};
		B75105AC1B9203A200899DC1 /* Release */ = {
			isa = XCBuildConfiguration;
			buildSettings = {
				ALWAYS_SEARCH_USER_PATHS = NO;
				CLANG_CXX_LANGUAGE_STANDARD = "gnu++0x";
				CLANG_CXX_LIBRARY = "libc++";
				CLANG_ENABLE_MODULES = YES;
				CLANG_ENABLE_OBJC_ARC = YES;
				CLANG_WARN_BOOL_CONVERSION = YES;
				CLANG_WARN_CONSTANT_CONVERSION = YES;
				CLANG_WARN_DIRECT_OBJC_ISA_USAGE = YES_ERROR;
				CLANG_WARN_EMPTY_BODY = YES;
				CLANG_WARN_ENUM_CONVERSION = YES;
				CLANG_WARN_INT_CONVERSION = YES;
				CLANG_WARN_OBJC_ROOT_CLASS = YES_ERROR;
				CLANG_WARN_UNREACHABLE_CODE = YES;
				CLANG_WARN__DUPLICATE_METHOD_MATCH = YES;
				"CODE_SIGN_IDENTITY[sdk=iphoneos*]" = "iPhone Developer";
				COPY_PHASE_STRIP = NO;
				DEBUG_INFORMATION_FORMAT = "dwarf-with-dsym";
				ENABLE_NS_ASSERTIONS = NO;
				ENABLE_STRICT_OBJC_MSGSEND = YES;
				GCC_C_LANGUAGE_STANDARD = gnu99;
				GCC_NO_COMMON_BLOCKS = YES;
				GCC_WARN_64_TO_32_BIT_CONVERSION = YES;
				GCC_WARN_ABOUT_RETURN_TYPE = YES_ERROR;
				GCC_WARN_UNDECLARED_SELECTOR = YES;
				GCC_WARN_UNINITIALIZED_AUTOS = YES_AGGRESSIVE;
				GCC_WARN_UNUSED_FUNCTION = YES;
				GCC_WARN_UNUSED_VARIABLE = YES;
				IPHONEOS_DEPLOYMENT_TARGET = 8.4;
				MTL_ENABLE_DEBUG_INFO = NO;
				SDKROOT = iphoneos;
				VALIDATE_PRODUCT = YES;
			};
			name = Release;
		};
		B75105AE1B9203A200899DC1 /* Debug */ = {
			isa = XCBuildConfiguration;
			buildSettings = {
				ASSETCATALOG_COMPILER_APPICON_NAME = AppIcon;
				INFOPLIST_FILE = OnTheMap/Info.plist;
				LD_RUNPATH_SEARCH_PATHS = "$(inherited) @executable_path/Frameworks";
				PRODUCT_NAME = "$(TARGET_NAME)";
			};
			name = Debug;
		};
		B75105AF1B9203A200899DC1 /* Release */ = {
			isa = XCBuildConfiguration;
			buildSettings = {
				ASSETCATALOG_COMPILER_APPICON_NAME = AppIcon;
				INFOPLIST_FILE = OnTheMap/Info.plist;
				LD_RUNPATH_SEARCH_PATHS = "$(inherited) @executable_path/Frameworks";
				PRODUCT_NAME = "$(TARGET_NAME)";
			};
			name = Release;
		};
		B75105B11B9203A200899DC1 /* Debug */ = {
			isa = XCBuildConfiguration;
			buildSettings = {
				BUNDLE_LOADER = "$(TEST_HOST)";
				FRAMEWORK_SEARCH_PATHS = (
					"$(SDKROOT)/Developer/Library/Frameworks",
					"$(inherited)",
				);
				GCC_PREPROCESSOR_DEFINITIONS = (
					"DEBUG=1",
					"$(inherited)",
				);
				INFOPLIST_FILE = OnTheMapTests/Info.plist;
				LD_RUNPATH_SEARCH_PATHS = "$(inherited) @executable_path/Frameworks @loader_path/Frameworks";
				PRODUCT_NAME = "$(TARGET_NAME)";
				TEST_HOST = "$(BUILT_PRODUCTS_DIR)/OnTheMap.app/OnTheMap";
			};
			name = Debug;
		};
		B75105B21B9203A200899DC1 /* Release */ = {
			isa = XCBuildConfiguration;
			buildSettings = {
				BUNDLE_LOADER = "$(TEST_HOST)";
				FRAMEWORK_SEARCH_PATHS = (
					"$(SDKROOT)/Developer/Library/Frameworks",
					"$(inherited)",
				);
				INFOPLIST_FILE = OnTheMapTests/Info.plist;
				LD_RUNPATH_SEARCH_PATHS = "$(inherited) @executable_path/Frameworks @loader_path/Frameworks";
				PRODUCT_NAME = "$(TARGET_NAME)";
				TEST_HOST = "$(BUILT_PRODUCTS_DIR)/OnTheMap.app/OnTheMap";
			};
			name = Release;
		};
/* End XCBuildConfiguration section */

/* Begin XCConfigurationList section */
		B75105891B9203A200899DC1 /* Build configuration list for PBXProject "OnTheMap" */ = {
			isa = XCConfigurationList;
			buildConfigurations = (
				B75105AB1B9203A200899DC1 /* Debug */,
				B75105AC1B9203A200899DC1 /* Release */,
			);
			defaultConfigurationIsVisible = 0;
			defaultConfigurationName = Release;
		};
		B75105AD1B9203A200899DC1 /* Build configuration list for PBXNativeTarget "OnTheMap" */ = {
			isa = XCConfigurationList;
			buildConfigurations = (
				B75105AE1B9203A200899DC1 /* Debug */,
				B75105AF1B9203A200899DC1 /* Release */,
			);
			defaultConfigurationIsVisible = 0;
		};
		B75105B01B9203A200899DC1 /* Build configuration list for PBXNativeTarget "OnTheMapTests" */ = {
			isa = XCConfigurationList;
			buildConfigurations = (
				B75105B11B9203A200899DC1 /* Debug */,
				B75105B21B9203A200899DC1 /* Release */,
			);
			defaultConfigurationIsVisible = 0;
		};
/* End XCConfigurationList section */
	};
	rootObject = B75105861B9203A200899DC1 /* Project object */;
}
